
Microsoft Visual Studio Solution File, Format Version 12.00
# Visual Studio Version 17
VisualStudioVersion = 17.1.32210.238
MinimumVisualStudioVersion = 10.0.40219.1
Project("{FAE04EC0-301F-11D3-BF4B-00C04F79EFBC}") = "curso.api", "curso.api\curso.api.csproj", "{92ACF4DE-38BC-4880-A91B-8CFE62910005}"
EndProject
Global
	GlobalSection(SolutionConfigurationPlatforms) = preSolution
		Debug|Any CPU = Debug|Any CPU
		Release|Any CPU = Release|Any CPU
	EndGlobalSection
	GlobalSection(ProjectConfigurationPlatforms) = postSolution
		{92ACF4DE-38BC-4880-A91B-8CFE62910005}.Debug|Any CPU.ActiveCfg = Debug|Any CPU
		{92ACF4DE-38BC-4880-A91B-8CFE62910005}.Debug|Any CPU.Build.0 = Debug|Any CPU
		{92ACF4DE-38BC-4880-A91B-8CFE62910005}.Release|Any CPU.ActiveCfg = Release|Any CPU
		{92ACF4DE-38BC-4880-A91B-8CFE62910005}.Release|Any CPU.Build.0 = Release|Any CPU
	EndGlobalSection
	GlobalSection(SolutionProperties) = preSolution
		HideSolutionNode = FALSE
	EndGlobalSection
	GlobalSection(ExtensibilityGlobals) = postSolution
		SolutionGuid = {C2B7C644-E9D7-4E4F-8652-6EE1EEB84EBF}
	EndGlobalSection
EndGlobal
