
Microsoft Visual Studio Solution File, Format Version 12.00
# Visual Studio Version 16
VisualStudioVersion = 16.0.31205.134
MinimumVisualStudioVersion = 10.0.40219.1
Project("{FAE04EC0-301F-11D3-BF4B-00C04F79EFBC}") = "Directory and DirectoryInfo", "Directory and DirectoryInfo\Directory and DirectoryInfo.csproj", "{3BA945D5-BA3F-49D6-9FC7-48CCD3043244}"
EndProject
Global
	GlobalSection(SolutionConfigurationPlatforms) = preSolution
		Debug|Any CPU = Debug|Any CPU
		Release|Any CPU = Release|Any CPU
	EndGlobalSection
	GlobalSection(ProjectConfigurationPlatforms) = postSolution
		{3BA945D5-BA3F-49D6-9FC7-48CCD3043244}.Debug|Any CPU.ActiveCfg = Debug|Any CPU
		{3BA945D5-BA3F-49D6-9FC7-48CCD3043244}.Debug|Any CPU.Build.0 = Debug|Any CPU
		{3BA945D5-BA3F-49D6-9FC7-48CCD3043244}.Release|Any CPU.ActiveCfg = Release|Any CPU
		{3BA945D5-BA3F-49D6-9FC7-48CCD3043244}.Release|Any CPU.Build.0 = Release|Any CPU
	EndGlobalSection
	GlobalSection(SolutionProperties) = preSolution
		HideSolutionNode = FALSE
	EndGlobalSection
	GlobalSection(ExtensibilityGlobals) = postSolution
		SolutionGuid = {FBCB5754-2711-4E69-A169-F7C57B7713C6}
	EndGlobalSection
EndGlobal
