
Microsoft Visual Studio Solution File, Format Version 12.00
# Visual Studio Version 16
VisualStudioVersion = 16.0.31205.134
MinimumVisualStudioVersion = 10.0.40219.1
Project("{FAE04EC0-301F-11D3-BF4B-00C04F79EFBC}") = "LerDiretorios", "LerDiretorios\LerDiretorios.csproj", "{9B2E9CA0-986B-47D5-805B-E0E51962EA7A}"
EndProject
Global
	GlobalSection(SolutionConfigurationPlatforms) = preSolution
		Debug|Any CPU = Debug|Any CPU
		Release|Any CPU = Release|Any CPU
	EndGlobalSection
	GlobalSection(ProjectConfigurationPlatforms) = postSolution
		{9B2E9CA0-986B-47D5-805B-E0E51962EA7A}.Debug|Any CPU.ActiveCfg = Debug|Any CPU
		{9B2E9CA0-986B-47D5-805B-E0E51962EA7A}.Debug|Any CPU.Build.0 = Debug|Any CPU
		{9B2E9CA0-986B-47D5-805B-E0E51962EA7A}.Release|Any CPU.ActiveCfg = Release|Any CPU
		{9B2E9CA0-986B-47D5-805B-E0E51962EA7A}.Release|Any CPU.Build.0 = Release|Any CPU
	EndGlobalSection
	GlobalSection(SolutionProperties) = preSolution
		HideSolutionNode = FALSE
	EndGlobalSection
	GlobalSection(ExtensibilityGlobals) = postSolution
		SolutionGuid = {20D2DBB8-7E78-4CB1-82F6-0F677ECF0AE3}
	EndGlobalSection
EndGlobal
