
Microsoft Visual Studio Solution File, Format Version 12.00
# Visual Studio Version 17
VisualStudioVersion = 17.1.32210.238
MinimumVisualStudioVersion = 10.0.40219.1
Project("{9A19103F-16F7-4668-BE54-9A1E7A4F7556}") = "CursoMVC", "CursoMVC\CursoMVC.csproj", "{1871F75E-9358-4B43-9CCE-9E93F1B0485F}"
EndProject
Project("{FAE04EC0-301F-11D3-BF4B-00C04F79EFBC}") = "CursoAPI", "CursoAPI\CursoAPI.csproj", "{E2A8AB1A-147E-46DC-A49B-D889749256FD}"
EndProject
Project("{FAE04EC0-301F-11D3-BF4B-00C04F79EFBC}") = "CursoTest", "CursoTest\CursoTest.csproj", "{1157BC11-77F2-44E9-97D7-722216A5E16F}"
EndProject
Global
	GlobalSection(SolutionConfigurationPlatforms) = preSolution
		Debug|Any CPU = Debug|Any CPU
		Release|Any CPU = Release|Any CPU
	EndGlobalSection
	GlobalSection(ProjectConfigurationPlatforms) = postSolution
		{1871F75E-9358-4B43-9CCE-9E93F1B0485F}.Debug|Any CPU.ActiveCfg = Debug|Any CPU
		{1871F75E-9358-4B43-9CCE-9E93F1B0485F}.Debug|Any CPU.Build.0 = Debug|Any CPU
		{1871F75E-9358-4B43-9CCE-9E93F1B0485F}.Release|Any CPU.ActiveCfg = Release|Any CPU
		{1871F75E-9358-4B43-9CCE-9E93F1B0485F}.Release|Any CPU.Build.0 = Release|Any CPU
		{E2A8AB1A-147E-46DC-A49B-D889749256FD}.Debug|Any CPU.ActiveCfg = Debug|Any CPU
		{E2A8AB1A-147E-46DC-A49B-D889749256FD}.Debug|Any CPU.Build.0 = Debug|Any CPU
		{E2A8AB1A-147E-46DC-A49B-D889749256FD}.Release|Any CPU.ActiveCfg = Release|Any CPU
		{E2A8AB1A-147E-46DC-A49B-D889749256FD}.Release|Any CPU.Build.0 = Release|Any CPU
		{1157BC11-77F2-44E9-97D7-722216A5E16F}.Debug|Any CPU.ActiveCfg = Debug|Any CPU
		{1157BC11-77F2-44E9-97D7-722216A5E16F}.Debug|Any CPU.Build.0 = Debug|Any CPU
		{1157BC11-77F2-44E9-97D7-722216A5E16F}.Release|Any CPU.ActiveCfg = Release|Any CPU
		{1157BC11-77F2-44E9-97D7-722216A5E16F}.Release|Any CPU.Build.0 = Release|Any CPU
	EndGlobalSection
	GlobalSection(SolutionProperties) = preSolution
		HideSolutionNode = FALSE
	EndGlobalSection
	GlobalSection(ExtensibilityGlobals) = postSolution
		SolutionGuid = {F593D87C-1EDE-4B96-8931-4C96244379DD}
	EndGlobalSection
EndGlobal
