
Microsoft Visual Studio Solution File, Format Version 12.00
# Visual Studio Version 17
VisualStudioVersion = 17.1.32210.238
MinimumVisualStudioVersion = 10.0.40219.1
Project("{FAE04EC0-301F-11D3-BF4B-00C04F79EFBC}") = "Exercicio_HashSetESortedSet", "Exercicio_HashSetESortedSet\Exercicio_HashSetESortedSet.csproj", "{E5E68E9A-D6BB-470E-A5FB-D17A629635FE}"
EndProject
Global
	GlobalSection(SolutionConfigurationPlatforms) = preSolution
		Debug|Any CPU = Debug|Any CPU
		Release|Any CPU = Release|Any CPU
	EndGlobalSection
	GlobalSection(ProjectConfigurationPlatforms) = postSolution
		{E5E68E9A-D6BB-470E-A5FB-D17A629635FE}.Debug|Any CPU.ActiveCfg = Debug|Any CPU
		{E5E68E9A-D6BB-470E-A5FB-D17A629635FE}.Debug|Any CPU.Build.0 = Debug|Any CPU
		{E5E68E9A-D6BB-470E-A5FB-D17A629635FE}.Release|Any CPU.ActiveCfg = Release|Any CPU
		{E5E68E9A-D6BB-470E-A5FB-D17A629635FE}.Release|Any CPU.Build.0 = Release|Any CPU
	EndGlobalSection
	GlobalSection(SolutionProperties) = preSolution
		HideSolutionNode = FALSE
	EndGlobalSection
	GlobalSection(ExtensibilityGlobals) = postSolution
		SolutionGuid = {BD93A7D0-9849-4310-B166-93166CDE1CD4}
	EndGlobalSection
EndGlobal
