
Microsoft Visual Studio Solution File, Format Version 12.00
# Visual Studio Version 16
VisualStudioVersion = 16.0.31205.134
MinimumVisualStudioVersion = 10.0.40219.1
Project("{FAE04EC0-301F-11D3-BF4B-00C04F79EFBC}") = "Exercise_Exceptions", "Exercise_Exceptions\Exercise_Exceptions.csproj", "{4DB3F878-0A34-4657-ABF6-282185D1A941}"
EndProject
Global
	GlobalSection(SolutionConfigurationPlatforms) = preSolution
		Debug|Any CPU = Debug|Any CPU
		Release|Any CPU = Release|Any CPU
	EndGlobalSection
	GlobalSection(ProjectConfigurationPlatforms) = postSolution
		{4DB3F878-0A34-4657-ABF6-282185D1A941}.Debug|Any CPU.ActiveCfg = Debug|Any CPU
		{4DB3F878-0A34-4657-ABF6-282185D1A941}.Debug|Any CPU.Build.0 = Debug|Any CPU
		{4DB3F878-0A34-4657-ABF6-282185D1A941}.Release|Any CPU.ActiveCfg = Release|Any CPU
		{4DB3F878-0A34-4657-ABF6-282185D1A941}.Release|Any CPU.Build.0 = Release|Any CPU
	EndGlobalSection
	GlobalSection(SolutionProperties) = preSolution
		HideSolutionNode = FALSE
	EndGlobalSection
	GlobalSection(ExtensibilityGlobals) = postSolution
		SolutionGuid = {27B07E5B-9604-49F5-B774-1B2F609A60CF}
	EndGlobalSection
EndGlobal
